
Microsoft Visual Studio Solution File, Format Version 12.00
# Visual Studio Version 16
VisualStudioVersion = 25.0.1703.2
MinimumVisualStudioVersion = 10.0.40219.1
Project("{FAE04EC0-301F-11D3-BF4B-00C04F79EFBC}") = "Movie", "Movie\Movie.csproj", "{F4E0CC3E-2CAF-4DB1-8CF3-04EBB405B24E}"
EndProject
Global
	GlobalSection(SolutionConfigurationPlatforms) = preSolution
		Debug|Any CPU = Debug|Any CPU
		Release|Any CPU = Release|Any CPU
	EndGlobalSection
	GlobalSection(ProjectConfigurationPlatforms) = postSolution
		{F4E0CC3E-2CAF-4DB1-8CF3-04EBB405B24E}.Debug|Any CPU.ActiveCfg = Debug|Any CPU
		{F4E0CC3E-2CAF-4DB1-8CF3-04EBB405B24E}.Debug|Any CPU.Build.0 = Debug|Any CPU
		{F4E0CC3E-2CAF-4DB1-8CF3-04EBB405B24E}.Release|Any CPU.ActiveCfg = Release|Any CPU
		{F4E0CC3E-2CAF-4DB1-8CF3-04EBB405B24E}.Release|Any CPU.Build.0 = Release|Any CPU
	EndGlobalSection
	GlobalSection(SolutionProperties) = preSolution
		HideSolutionNode = FALSE
	EndGlobalSection
	GlobalSection(ExtensibilityGlobals) = postSolution
		SolutionGuid = {C07D7CBB-FF79-44F1-BDC3-DEF6E4D3A01D}
	EndGlobalSection
EndGlobal
